
Microsoft Visual Studio Solution File, Format Version 12.00
# Visual Studio 14
VisualStudioVersion = 14.0.24720.0
MinimumVisualStudioVersion = 10.0.40219.1
Project("{FAE04EC0-301F-11D3-BF4B-00C04F79EFBC}") = "SportsSite.Web", "SportsSite.Web\SportsSite.Web.csproj", "{ACD9B272-FFA0-41BB-92D6-C7C911424C24}"
EndProject
Project("{FAE04EC0-301F-11D3-BF4B-00C04F79EFBC}") = "SportsSite.Models", "SportsSite.Models\SportsSite.Models.csproj", "{1B9791E5-DF4B-4847-8CA5-78C231009F55}"
EndProject
Project("{FAE04EC0-301F-11D3-BF4B-00C04F79EFBC}") = "SportsSite.Data", "SportsSite.Data\SportsSite.Data.csproj", "{1AAB6C66-1002-4961-ACA2-60C4752672EA}"
EndProject
Global
	GlobalSection(SolutionConfigurationPlatforms) = preSolution
		Debug|Any CPU = Debug|Any CPU
		Release|Any CPU = Release|Any CPU
	EndGlobalSection
	GlobalSection(ProjectConfigurationPlatforms) = postSolution
		{ACD9B272-FFA0-41BB-92D6-C7C911424C24}.Debug|Any CPU.ActiveCfg = Debug|Any CPU
		{ACD9B272-FFA0-41BB-92D6-C7C911424C24}.Debug|Any CPU.Build.0 = Debug|Any CPU
		{ACD9B272-FFA0-41BB-92D6-C7C911424C24}.Release|Any CPU.ActiveCfg = Release|Any CPU
		{ACD9B272-FFA0-41BB-92D6-C7C911424C24}.Release|Any CPU.Build.0 = Release|Any CPU
		{1B9791E5-DF4B-4847-8CA5-78C231009F55}.Debug|Any CPU.ActiveCfg = Debug|Any CPU
		{1B9791E5-DF4B-4847-8CA5-78C231009F55}.Debug|Any CPU.Build.0 = Debug|Any CPU
		{1B9791E5-DF4B-4847-8CA5-78C231009F55}.Release|Any CPU.ActiveCfg = Release|Any CPU
		{1B9791E5-DF4B-4847-8CA5-78C231009F55}.Release|Any CPU.Build.0 = Release|Any CPU
		{1AAB6C66-1002-4961-ACA2-60C4752672EA}.Debug|Any CPU.ActiveCfg = Debug|Any CPU
		{1AAB6C66-1002-4961-ACA2-60C4752672EA}.Debug|Any CPU.Build.0 = Debug|Any CPU
		{1AAB6C66-1002-4961-ACA2-60C4752672EA}.Release|Any CPU.ActiveCfg = Release|Any CPU
		{1AAB6C66-1002-4961-ACA2-60C4752672EA}.Release|Any CPU.Build.0 = Release|Any CPU
	EndGlobalSection
	GlobalSection(SolutionProperties) = preSolution
		HideSolutionNode = FALSE
	EndGlobalSection
EndGlobal
